
Microsoft Visual Studio Solution File, Format Version 12.00
# Visual Studio Version 16
VisualStudioVersion = 16.0.30517.126
MinimumVisualStudioVersion = 10.0.40219.1
Project("{9A19103F-16F7-4668-BE54-9A1E7A4F7556}") = "HorizonHotelWebsite", "HorizonHotelWebsite.csproj", "{561C823D-6A62-4663-9312-C9DDB6FD00AF}"
EndProject
Global
	GlobalSection(SolutionConfigurationPlatforms) = preSolution
		Debug|Any CPU = Debug|Any CPU
		Release|Any CPU = Release|Any CPU
	EndGlobalSection
	GlobalSection(ProjectConfigurationPlatforms) = postSolution
		{561C823D-6A62-4663-9312-C9DDB6FD00AF}.Debug|Any CPU.ActiveCfg = Debug|Any CPU
		{561C823D-6A62-4663-9312-C9DDB6FD00AF}.Debug|Any CPU.Build.0 = Debug|Any CPU
		{561C823D-6A62-4663-9312-C9DDB6FD00AF}.Release|Any CPU.ActiveCfg = Release|Any CPU
		{561C823D-6A62-4663-9312-C9DDB6FD00AF}.Release|Any CPU.Build.0 = Release|Any CPU
	EndGlobalSection
	GlobalSection(SolutionProperties) = preSolution
		HideSolutionNode = FALSE
	EndGlobalSection
	GlobalSection(ExtensibilityGlobals) = postSolution
		SolutionGuid = {80F5915C-A8FB-4039-AF09-CD907F7ED0D6}
	EndGlobalSection
EndGlobal
